
Microsoft Visual Studio Solution File, Format Version 12.00
# Visual Studio Version 17
VisualStudioVersion = 17.3.32825.248
MinimumVisualStudioVersion = 10.0.40219.1
Project("{FAE04EC0-301F-11D3-BF4B-00C04F79EFBC}") = "BatchRename", "BatchRename\BatchRename.csproj", "{F63DE25C-11FB-44FA-86A0-2F7C99136178}"
EndProject
Global
	GlobalSection(SolutionConfigurationPlatforms) = preSolution
		Debug|Any CPU = Debug|Any CPU
		Release|Any CPU = Release|Any CPU
	EndGlobalSection
	GlobalSection(ProjectConfigurationPlatforms) = postSolution
		{F63DE25C-11FB-44FA-86A0-2F7C99136178}.Debug|Any CPU.ActiveCfg = Debug|Any CPU
		{F63DE25C-11FB-44FA-86A0-2F7C99136178}.Debug|Any CPU.Build.0 = Debug|Any CPU
		{F63DE25C-11FB-44FA-86A0-2F7C99136178}.Release|Any CPU.ActiveCfg = Release|Any CPU
		{F63DE25C-11FB-44FA-86A0-2F7C99136178}.Release|Any CPU.Build.0 = Release|Any CPU
	EndGlobalSection
	GlobalSection(SolutionProperties) = preSolution
		HideSolutionNode = FALSE
	EndGlobalSection
	GlobalSection(ExtensibilityGlobals) = postSolution
		SolutionGuid = {D42511F9-3EF6-4E3D-83B7-700AE12C786A}
	EndGlobalSection
EndGlobal
